
Microsoft Visual Studio Solution File, Format Version 12.00
# Visual Studio 2012
Project("{FAE04EC0-301F-11D3-BF4B-00C04F79EFBC}") = "XtremeCinema", "XtremeCinema\XtremeCinema.csproj", "{DE7CDB60-1B09-4769-AE08-534F18FA4648}"
EndProject
Global
	GlobalSection(SolutionConfigurationPlatforms) = preSolution
		Debug|Any CPU = Debug|Any CPU
		Release|Any CPU = Release|Any CPU
	EndGlobalSection
	GlobalSection(ProjectConfigurationPlatforms) = postSolution
		{DE7CDB60-1B09-4769-AE08-534F18FA4648}.Debug|Any CPU.ActiveCfg = Debug|Any CPU
		{DE7CDB60-1B09-4769-AE08-534F18FA4648}.Debug|Any CPU.Build.0 = Debug|Any CPU
		{DE7CDB60-1B09-4769-AE08-534F18FA4648}.Release|Any CPU.ActiveCfg = Release|Any CPU
		{DE7CDB60-1B09-4769-AE08-534F18FA4648}.Release|Any CPU.Build.0 = Release|Any CPU
	EndGlobalSection
	GlobalSection(SolutionProperties) = preSolution
		HideSolutionNode = FALSE
	EndGlobalSection
EndGlobal
